
Microsoft Visual Studio Solution File, Format Version 12.00
# Visual Studio Version 17
VisualStudioVersion = 17.2.32519.379
MinimumVisualStudioVersion = 10.0.40219.1
Project("{FAE04EC0-301F-11D3-BF4B-00C04F79EFBC}") = "ADO.NET", "ADO.NET\ADO.NET.csproj", "{33AFAAEA-E58E-4F36-952E-43154739A26C}"
EndProject
Global
	GlobalSection(SolutionConfigurationPlatforms) = preSolution
		Debug|Any CPU = Debug|Any CPU
		Release|Any CPU = Release|Any CPU
	EndGlobalSection
	GlobalSection(ProjectConfigurationPlatforms) = postSolution
		{33AFAAEA-E58E-4F36-952E-43154739A26C}.Debug|Any CPU.ActiveCfg = Debug|Any CPU
		{33AFAAEA-E58E-4F36-952E-43154739A26C}.Debug|Any CPU.Build.0 = Debug|Any CPU
		{33AFAAEA-E58E-4F36-952E-43154739A26C}.Release|Any CPU.ActiveCfg = Release|Any CPU
		{33AFAAEA-E58E-4F36-952E-43154739A26C}.Release|Any CPU.Build.0 = Release|Any CPU
	EndGlobalSection
	GlobalSection(SolutionProperties) = preSolution
		HideSolutionNode = FALSE
	EndGlobalSection
	GlobalSection(ExtensibilityGlobals) = postSolution
		SolutionGuid = {AF20F20E-57D8-40CD-B8A6-FC6C3214B2CC}
	EndGlobalSection
EndGlobal
